
Microsoft Visual Studio Solution File, Format Version 12.00
# Visual Studio 2012
Project("{FAE04EC0-301F-11D3-BF4B-00C04F79EFBC}") = "NetworkEditor.Web", "NetworkEditor.Web.csproj", "{5ED4C4C7-7CBE-4FB1-8625-391E70A5ACEC}"
EndProject
Global
	GlobalSection(SolutionConfigurationPlatforms) = preSolution
		Debug|Any CPU = Debug|Any CPU
		Release|Any CPU = Release|Any CPU
	EndGlobalSection
	GlobalSection(ProjectConfigurationPlatforms) = postSolution
		{5ED4C4C7-7CBE-4FB1-8625-391E70A5ACEC}.Debug|Any CPU.ActiveCfg = Debug|Any CPU
		{5ED4C4C7-7CBE-4FB1-8625-391E70A5ACEC}.Debug|Any CPU.Build.0 = Debug|Any CPU
		{5ED4C4C7-7CBE-4FB1-8625-391E70A5ACEC}.Release|Any CPU.ActiveCfg = Release|Any CPU
		{5ED4C4C7-7CBE-4FB1-8625-391E70A5ACEC}.Release|Any CPU.Build.0 = Release|Any CPU
	EndGlobalSection
	GlobalSection(SolutionProperties) = preSolution
		HideSolutionNode = FALSE
	EndGlobalSection
EndGlobal
